
Microsoft Visual Studio Solution File, Format Version 12.00
# Visual Studio 15
VisualStudioVersion = 15.0.27428.2015
MinimumVisualStudioVersion = 10.0.40219.1
Project("{FAE04EC0-301F-11D3-BF4B-00C04F79EFBC}") = "MyDapper.Test", "MyDapper.Test\MyDapper.Test.csproj", "{4C5747F0-DA5D-4B25-916C-C6B5C863CE18}"
EndProject
Project("{FAE04EC0-301F-11D3-BF4B-00C04F79EFBC}") = "MyDapper.ORM", "MyDapper.ORM\MyDapper.ORM.csproj", "{F3B0EB4B-CB8E-404B-89B6-A6E1321EC4C8}"
EndProject
Project("{FAE04EC0-301F-11D3-BF4B-00C04F79EFBC}") = "MyDapper.ORM.NET40", "MyDapper.ORM.NET40\MyDapper.ORM.NET40.csproj", "{9E8DC9EE-C1D0-4649-94E7-ADC6A238EBB4}"
EndProject
Global
	GlobalSection(SolutionConfigurationPlatforms) = preSolution
		Debug|Any CPU = Debug|Any CPU
		Release|Any CPU = Release|Any CPU
	EndGlobalSection
	GlobalSection(ProjectConfigurationPlatforms) = postSolution
		{4C5747F0-DA5D-4B25-916C-C6B5C863CE18}.Debug|Any CPU.ActiveCfg = Debug|Any CPU
		{4C5747F0-DA5D-4B25-916C-C6B5C863CE18}.Debug|Any CPU.Build.0 = Debug|Any CPU
		{4C5747F0-DA5D-4B25-916C-C6B5C863CE18}.Release|Any CPU.ActiveCfg = Release|Any CPU
		{4C5747F0-DA5D-4B25-916C-C6B5C863CE18}.Release|Any CPU.Build.0 = Release|Any CPU
		{F3B0EB4B-CB8E-404B-89B6-A6E1321EC4C8}.Debug|Any CPU.ActiveCfg = Debug|Any CPU
		{F3B0EB4B-CB8E-404B-89B6-A6E1321EC4C8}.Debug|Any CPU.Build.0 = Debug|Any CPU
		{F3B0EB4B-CB8E-404B-89B6-A6E1321EC4C8}.Release|Any CPU.ActiveCfg = Release|Any CPU
		{F3B0EB4B-CB8E-404B-89B6-A6E1321EC4C8}.Release|Any CPU.Build.0 = Release|Any CPU
		{9E8DC9EE-C1D0-4649-94E7-ADC6A238EBB4}.Debug|Any CPU.ActiveCfg = Debug|Any CPU
		{9E8DC9EE-C1D0-4649-94E7-ADC6A238EBB4}.Debug|Any CPU.Build.0 = Debug|Any CPU
		{9E8DC9EE-C1D0-4649-94E7-ADC6A238EBB4}.Release|Any CPU.ActiveCfg = Release|Any CPU
		{9E8DC9EE-C1D0-4649-94E7-ADC6A238EBB4}.Release|Any CPU.Build.0 = Release|Any CPU
	EndGlobalSection
	GlobalSection(SolutionProperties) = preSolution
		HideSolutionNode = FALSE
	EndGlobalSection
	GlobalSection(ExtensibilityGlobals) = postSolution
		SolutionGuid = {BF8BEECA-FFC1-46A5-B992-FE814B72A16F}
	EndGlobalSection
EndGlobal
